
Microsoft Visual Studio Solution File, Format Version 12.00
# Visual Studio Version 17
VisualStudioVersion = 17.4.33205.214
MinimumVisualStudioVersion = 10.0.40219.1
Project("{FAE04EC0-301F-11D3-BF4B-00C04F79EFBC}") = "autoservice", "autoservice\autoservice.csproj", "{50DA3AE3-2447-4A3C-B5C5-7527724DAA01}"
EndProject
Global
	GlobalSection(SolutionConfigurationPlatforms) = preSolution
		Debug|Any CPU = Debug|Any CPU
		Release|Any CPU = Release|Any CPU
	EndGlobalSection
	GlobalSection(ProjectConfigurationPlatforms) = postSolution
		{50DA3AE3-2447-4A3C-B5C5-7527724DAA01}.Debug|Any CPU.ActiveCfg = Debug|Any CPU
		{50DA3AE3-2447-4A3C-B5C5-7527724DAA01}.Debug|Any CPU.Build.0 = Debug|Any CPU
		{50DA3AE3-2447-4A3C-B5C5-7527724DAA01}.Release|Any CPU.ActiveCfg = Release|Any CPU
		{50DA3AE3-2447-4A3C-B5C5-7527724DAA01}.Release|Any CPU.Build.0 = Release|Any CPU
	EndGlobalSection
	GlobalSection(SolutionProperties) = preSolution
		HideSolutionNode = FALSE
	EndGlobalSection
	GlobalSection(ExtensibilityGlobals) = postSolution
		SolutionGuid = {966678B2-76C8-49D6-980D-4FF9FB2B8DD8}
	EndGlobalSection
EndGlobal
